{
  "name": "kp-portfolio",
  "lockfileVersion": 2,
  "requires": true,
  "packages": {
    "": {
      "dependencies": {
        "devicon": "^2.12.0"
      }
    },
    "node_modules/devicon": {
      "version": "2.12.0",
      "resolved": "https://registry.npmjs.org/devicon/-/devicon-2.12.0.tgz",
      "integrity": "sha512-65ptoclWlugK3lNmamqrHZY2gg4FVGZamDoQT4uGSzQ1dQNMmGVughbrumVUrvC4RrfK0UQMgX10+B+BSY4NCQ=="
    }
  },
  "dependencies": {
    "devicon": {
      "version": "2.12.0",
      "resolved": "https://registry.npmjs.org/devicon/-/devicon-2.12.0.tgz",
      "integrity": "sha512-65ptoclWlugK3lNmamqrHZY2gg4FVGZamDoQT4uGSzQ1dQNMmGVughbrumVUrvC4RrfK0UQMgX10+B+BSY4NCQ=="
    }
  }
}
